
Microsoft Visual Studio Solution File, Format Version 12.00
# Visual Studio 15
VisualStudioVersion = 15.0.27428.2015
MinimumVisualStudioVersion = 10.0.40219.1
Project("{FAE04EC0-301F-11D3-BF4B-00C04F79EFBC}") = "TimeMeasurmentApp", "TimeMeasurmentApp\TimeMeasurmentApp.csproj", "{C3487B74-823F-499F-B228-45C51F7CB619}"
EndProject
Global
	GlobalSection(SolutionConfigurationPlatforms) = preSolution
		Debug|Any CPU = Debug|Any CPU
		Release|Any CPU = Release|Any CPU
	EndGlobalSection
	GlobalSection(ProjectConfigurationPlatforms) = postSolution
		{C3487B74-823F-499F-B228-45C51F7CB619}.Debug|Any CPU.ActiveCfg = Debug|Any CPU
		{C3487B74-823F-499F-B228-45C51F7CB619}.Debug|Any CPU.Build.0 = Debug|Any CPU
		{C3487B74-823F-499F-B228-45C51F7CB619}.Release|Any CPU.ActiveCfg = Release|Any CPU
		{C3487B74-823F-499F-B228-45C51F7CB619}.Release|Any CPU.Build.0 = Release|Any CPU
	EndGlobalSection
	GlobalSection(SolutionProperties) = preSolution
		HideSolutionNode = FALSE
	EndGlobalSection
	GlobalSection(ExtensibilityGlobals) = postSolution
		SolutionGuid = {27AFDDE5-2181-43EB-A395-0292835448A5}
	EndGlobalSection
EndGlobal
